
Microsoft Visual Studio Solution File, Format Version 12.00
# Visual Studio Version 17
VisualStudioVersion = 17.1.32120.378
MinimumVisualStudioVersion = 10.0.40219.1
Project("{9A19103F-16F7-4668-BE54-9A1E7A4F7556}") = "OfflineMapDownloader", "OfflineMapDownloader\OfflineMapDownloader.csproj", "{7F8DB52F-C6EC-42BE-BC6E-380EF3E11F7E}"
EndProject
Project("{FAE04EC0-301F-11D3-BF4B-00C04F79EFBC}") = "OSM-Web-Service", "OSM-Web-Service\OSM-Web-Service.csproj", "{12ED44D1-E616-4E5F-A8D5-A4C7F9BE2A77}"
EndProject
Global
	GlobalSection(SolutionConfigurationPlatforms) = preSolution
		Debug|Any CPU = Debug|Any CPU
		Release|Any CPU = Release|Any CPU
	EndGlobalSection
	GlobalSection(ProjectConfigurationPlatforms) = postSolution
		{7F8DB52F-C6EC-42BE-BC6E-380EF3E11F7E}.Debug|Any CPU.ActiveCfg = Debug|Any CPU
		{7F8DB52F-C6EC-42BE-BC6E-380EF3E11F7E}.Debug|Any CPU.Build.0 = Debug|Any CPU
		{7F8DB52F-C6EC-42BE-BC6E-380EF3E11F7E}.Release|Any CPU.ActiveCfg = Release|Any CPU
		{7F8DB52F-C6EC-42BE-BC6E-380EF3E11F7E}.Release|Any CPU.Build.0 = Release|Any CPU
		{12ED44D1-E616-4E5F-A8D5-A4C7F9BE2A77}.Debug|Any CPU.ActiveCfg = Debug|Any CPU
		{12ED44D1-E616-4E5F-A8D5-A4C7F9BE2A77}.Debug|Any CPU.Build.0 = Debug|Any CPU
		{12ED44D1-E616-4E5F-A8D5-A4C7F9BE2A77}.Release|Any CPU.ActiveCfg = Release|Any CPU
		{12ED44D1-E616-4E5F-A8D5-A4C7F9BE2A77}.Release|Any CPU.Build.0 = Release|Any CPU
	EndGlobalSection
	GlobalSection(SolutionProperties) = preSolution
		HideSolutionNode = FALSE
	EndGlobalSection
	GlobalSection(ExtensibilityGlobals) = postSolution
		SolutionGuid = {02835431-804C-4B7D-9A20-34F84A313D3B}
	EndGlobalSection
EndGlobal
